{
  "name": "revframe",
  "version": "1.0.0",
  "lockfileVersion": 3,
  "requires": true,
  "packages": {
    "": {
      "name": "revframe",
      "version": "1.0.0",
      "dependencies": {
        "@google/genai": "2.24.0",
        "@supabase/ssr": "0.12.7",
        "@supabase/supabase-js": "2.117.2",
        "@vercel/analytics": "1.5.0",
        "@vercel/functions": "2.2.0",
        "lucide-react": "0.468.0",
        "next": "16.0.0",
        "react": "19.0.0",
        "react-dom": "19.0.0",
        "stripe": "19.0.0"
      },
      "devDependencies": {
        "@types/node": "22.10.0",
        "@types/react": "19.0.0",
        "@types/react-dom": "19.0.0",
        "eslint": "9.17.0",
        "eslint-config-next": "16.0.0",
        "typescript": "5.7.3"
      }
    },
    "node_modules/@babel/code-frame": {
      "version": "7.29.7",
      "resolved": "https://registry.npmjs.org/@babel/code-frame/-/code-frame-7.29.7.tgz",
      "integrity": "sha512-Aup7aUOfpbAUg2ROOJN6Iw5f9DMBlzu0mIkm/malLQFN/YQgO48wCj0Kxa3sEHJvPVFg7siR+qRInwXd2qhQKw==",
      "dev": true,
      "license": "MIT",
      "dependencies": {
        "@babel/helper-validator-identifier": "^7.29.7",
        "js-tokens": "^4.0.0",
        "picocolors": "^1.1.1"
      },
      "engines": {
        "node": ">=6.9.0"
      }
    },
    "node_modules/@babel/compat-data": {
      "version": "7.29.7",
      "resolved": "https://registry.npmjs.org/@babel/compat-data/-/compat-data-7.29.7.tgz",
      "integrity": "sha512-¶»§q«^